
Microsoft Visual Studio Solution File, Format Version 12.00
# Visual Studio 14
VisualStudioVersion = 14.0.25420.1
MinimumVisualStudioVersion = 10.0.40219.1
Project("{FAE04EC0-301F-11D3-BF4B-00C04F79EFBC}") = "ROFFUSDB", "ROFFUSDB\ROFFUSDB.csproj", "{49AAB962-28A9-44B8-8D0B-303F97709F4D}"
EndProject
Project("{FAE04EC0-301F-11D3-BF4B-00C04F79EFBC}") = "Business", "Business\Business.csproj", "{D51FFB46-2B98-4613-AD3A-F3406052D9F8}"
EndProject
Project("{FAE04EC0-301F-11D3-BF4B-00C04F79EFBC}") = "Data", "Data\Data.csproj", "{7F4C7158-40B1-446B-BE81-6A5EDF0A88AD}"
EndProject
Project("{FAE04EC0-301F-11D3-BF4B-00C04F79EFBC}") = "Entity", "Entity\Entity.csproj", "{EDE1DDD2-4AC5-4999-885B-1869C7BECB0F}"
EndProject
Global
	GlobalSection(SolutionConfigurationPlatforms) = preSolution
		Debug|Any CPU = Debug|Any CPU
		Release|Any CPU = Release|Any CPU
	EndGlobalSection
	GlobalSection(ProjectConfigurationPlatforms) = postSolution
		{49AAB962-28A9-44B8-8D0B-303F97709F4D}.Debug|Any CPU.ActiveCfg = Debug|Any CPU
		{49AAB962-28A9-44B8-8D0B-303F97709F4D}.Debug|Any CPU.Build.0 = Debug|Any CPU
		{49AAB962-28A9-44B8-8D0B-303F97709F4D}.Release|Any CPU.ActiveCfg = Release|Any CPU
		{49AAB962-28A9-44B8-8D0B-303F97709F4D}.Release|Any CPU.Build.0 = Release|Any CPU
		{D51FFB46-2B98-4613-AD3A-F3406052D9F8}.Debug|Any CPU.ActiveCfg = Debug|Any CPU
		{D51FFB46-2B98-4613-AD3A-F3406052D9F8}.Debug|Any CPU.Build.0 = Debug|Any CPU
		{D51FFB46-2B98-4613-AD3A-F3406052D9F8}.Release|Any CPU.ActiveCfg = Release|Any CPU
		{D51FFB46-2B98-4613-AD3A-F3406052D9F8}.Release|Any CPU.Build.0 = Release|Any CPU
		{7F4C7158-40B1-446B-BE81-6A5EDF0A88AD}.Debug|Any CPU.ActiveCfg = Debug|Any CPU
		{7F4C7158-40B1-446B-BE81-6A5EDF0A88AD}.Debug|Any CPU.Build.0 = Debug|Any CPU
		{7F4C7158-40B1-446B-BE81-6A5EDF0A88AD}.Release|Any CPU.ActiveCfg = Release|Any CPU
		{7F4C7158-40B1-446B-BE81-6A5EDF0A88AD}.Release|Any CPU.Build.0 = Release|Any CPU
		{EDE1DDD2-4AC5-4999-885B-1869C7BECB0F}.Debug|Any CPU.ActiveCfg = Debug|Any CPU
		{EDE1DDD2-4AC5-4999-885B-1869C7BECB0F}.Debug|Any CPU.Build.0 = Debug|Any CPU
		{EDE1DDD2-4AC5-4999-885B-1869C7BECB0F}.Release|Any CPU.ActiveCfg = Release|Any CPU
		{EDE1DDD2-4AC5-4999-885B-1869C7BECB0F}.Release|Any CPU.Build.0 = Release|Any CPU
	EndGlobalSection
	GlobalSection(SolutionProperties) = preSolution
		HideSolutionNode = FALSE
	EndGlobalSection
EndGlobal
